
Microsoft Visual Studio Solution File, Format Version 12.00
# Visual Studio 2013
VisualStudioVersion = 12.0.21005.1
MinimumVisualStudioVersion = 10.0.40219.1
Project("{8BC9CEB8-8B4A-11D0-8D11-00A0C91BC942}") = "contact1", "contact1\contact1.vcxproj", "{7A0F2C85-693B-4A47-B7B7-1F186AADE24D}"
EndProject
Global
	GlobalSection(SolutionConfigurationPlatforms) = preSolution
		Debug|Win32 = Debug|Win32
		Release|Win32 = Release|Win32
	EndGlobalSection
	GlobalSection(ProjectConfigurationPlatforms) = postSolution
		{7A0F2C85-693B-4A47-B7B7-1F186AADE24D}.Debug|Win32.ActiveCfg = Debug|Win32
		{7A0F2C85-693B-4A47-B7B7-1F186AADE24D}.Debug|Win32.Build.0 = Debug|Win32
		{7A0F2C85-693B-4A47-B7B7-1F186AADE24D}.Release|Win32.ActiveCfg = Release|Win32
		{7A0F2C85-693B-4A47-B7B7-1F186AADE24D}.Release|Win32.Build.0 = Release|Win32
	EndGlobalSection
	GlobalSection(SolutionProperties) = preSolution
		HideSolutionNode = FALSE
	EndGlobalSection
EndGlobal
